// !$*UTF8*$!
{
	archiveVersion = 1;
	classes = {
	};
	objectVersion = 46;
	objects = {

/* Begin PBXBuildFile section */
		0A020C971D4F190D00458BA3 /* HPFinanceVC.m in Sources */ = {isa = PBXBuildFile; fileRef = 0A020C901D4F190D00458BA3 /* HPFinanceVC.m */; };
		0A020C981D4F190D00458BA3 /* HPFoodVC.m in Sources */ = {isa = PBXBuildFile; fileRef = 0A020C921D4F190D00458BA3 /* HPFoodVC.m */; };
		0A020C991D4F190D00458BA3 /* HPGossipyVC.m in Sources */ = {isa = PBXBuildFile; fileRef = 0A020C941D4F190D00458BA3 /* HPGossipyVC.m */; };
		0A020C9A1D4F190D00458BA3 /* HPNewsVC.m in Sources */ = {isa = PBXBuildFile; fileRef = 0A020C961D4F190D00458BA3 /* HPNewsVC.m */; };
		0A020CA01D4F2CEA00458BA3 /* HPHttpManager.m in Sources */ = {isa = PBXBuildFile; fileRef = 0A020C9F1D4F2CEA00458BA3 /* HPHttpManager.m */; };
		0A020CA21D4F378600458BA3 /* MobileCoreServices.framework in Frameworks */ = {isa = PBXBuildFile; fileRef = 0A020CA11D4F378600458BA3 /* MobileCoreServices.framework */; };
		0A020CA41D4F379600458BA3 /* CFNetwork.framework in Frameworks */ = {isa = PBXBuildFile; fileRef = 0A020CA31D4F379600458BA3 /* CFNetwork.framework */; };
		0A020CA61D4F37A500458BA3 /* MessageUI.framework in Frameworks */ = {isa = PBXBuildFile; fileRef = 0A020CA51D4F37A500458BA3 /* MessageUI.framework */; };
		0A020CA81D4F37D100458BA3 /* EventKit.framework in Frameworks */ = {isa = PBXBuildFile; fileRef = 0A020CA71D4F37D100458BA3 /* EventKit.framework */; };
		0A020CAA1D4F380800458BA3 /* AssetsLibrary.framework in Frameworks */ = {isa = PBXBuildFile; fileRef = 0A020CA91D4F380800458BA3 /* AssetsLibrary.framework */; };
		0A020CAC1D4F381200458BA3 /* CoreMotion.framework in Frameworks */ = {isa = PBXBuildFile; fileRef = 0A020CAB1D4F381200458BA3 /* CoreMotion.framework */; };
		0A020CAE1D4F382600458BA3 /* libz.tbd in Frameworks */ = {isa = PBXBuildFile; fileRef = 0A020CAD1D4F382600458BA3 /* libz.tbd */; };
		0A020CB01D4F383200458BA3 /* SystemConfiguration.framework in Frameworks */ = {isa = PBXBuildFile; fileRef = 0A020CAF1D4F383200458BA3 /* SystemConfiguration.framework */; };
		0A020CB21D4F384300458BA3 /* CoreTelephony.framework in Frameworks */ = {isa = PBXBuildFile; fileRef = 0A020CB11D4F384300458BA3 /* CoreTelephony.framework */; };
		0A020CC31D4F408200458BA3 /* H5Service.bundle in Resources */ = {isa = PBXBuildFile; fileRef = 0A020CC21D4F408200458BA3 /* H5Service.bundle */; };
		0A020CC51D4F408A00458BA3 /* Poseidon.bundle in Resources */ = {isa = PBXBuildFile; fileRef = 0A020CC41D4F408A00458BA3 /* Poseidon.bundle */; };
		0A020CC71D4F40A300458BA3 /* ZMCreditSDK.framework in Frameworks */ = {isa = PBXBuildFile; fileRef = 0A020CC61D4F40A300458BA3 /* ZMCreditSDK.framework */; };
		0A020CC91D4F40AD00458BA3 /* ZMDependUponSDK.framework in Frameworks */ = {isa = PBXBuildFile; fileRef = 0A020CC81D4F40AD00458BA3 /* ZMDependUponSDK.framework */; };
		0A020CCB1D4F416500458BA3 /* Security.framework in Frameworks */ = {isa = PBXBuildFile; fileRef = 0A020CCA1D4F416500458BA3 /* Security.framework */; };
		0A2336981D503C4800E5833B /* Foundation+Log.m in Sources */ = {isa = PBXBuildFile; fileRef = 0A2336971D503C4800E5833B /* Foundation+Log.m */; };
		0A48156A1D4C4BE100B35AA2 /* main.m in Sources */ = {isa = PBXBuildFile; fileRef = 0A4815691D4C4BE100B35AA2 /* main.m */; };
		0A48156D1D4C4BE100B35AA2 /* AppDelegate.m in Sources */ = {isa = PBXBuildFile; fileRef = 0A48156C1D4C4BE100B35AA2 /* AppDelegate.m */; };
		0A4815751D4C4BE100B35AA2 /* Assets.xcassets in Resources */ = {isa = PBXBuildFile; fileRef = 0A4815741D4C4BE100B35AA2 /* Assets.xcassets */; };
		0A4815781D4C4BE100B35AA2 /* LaunchScreen.storyboard in Resources */ = {isa = PBXBuildFile; fileRef = 0A4815761D4C4BE100B35AA2 /* LaunchScreen.storyboard */; };
		0A4815831D4C4BE100B35AA2 /* orangeLifeTests.m in Sources */ = {isa = PBXBuildFile; fileRef = 0A4815821D4C4BE100B35AA2 /* orangeLifeTests.m */; };
		0A48158E1D4C4BE100B35AA2 /* orangeLifeUITests.m in Sources */ = {isa = PBXBuildFile; fileRef = 0A48158D1D4C4BE100B35AA2 /* orangeLifeUITests.m */; };
		0A48159D1D4C4D9000B35AA2 /* HPBasicViewController.mm in Sources */ = {isa = PBXBuildFile; fileRef = 0A48159C1D4C4D9000B35AA2 /* HPBasicViewController.mm */; };
		0A4815A11D4C538400B35AA2 /* HPConst.m in Sources */ = {isa = PBXBuildFile; fileRef = 0A4815A01D4C538400B35AA2 /* HPConst.m */; };
		0A4815A51D4C544B00B35AA2 /* UIView+HPExtension.m in Sources */ = {isa = PBXBuildFile; fileRef = 0A4815A41D4C544B00B35AA2 /* UIView+HPExtension.m */; };
		0A4E35871D506F8800E195C4 /* HPUtils.m in Sources */ = {isa = PBXBuildFile; fileRef = 0A4E35861D506F8800E195C4 /* HPUtils.m */; };
		0A4E358B1D5093CD00E195C4 /* HPNews.m in Sources */ = {isa = PBXBuildFile; fileRef = 0A4E358A1D5093CD00E195C4 /* HPNews.m */; };
		0A4E35901D50940E00E195C4 /* HPNewsDetailVC.m in Sources */ = {isa = PBXBuildFile; fileRef = 0A4E358E1D50940E00E195C4 /* HPNewsDetailVC.m */; };
		0A4E35961D50990100E195C4 /* HPWebViewVC.m in Sources */ = {isa = PBXBuildFile; fileRef = 0A4E35951D50990100E195C4 /* HPWebViewVC.m */; };
		0AEB62471D51C55F00B38A29 /* HPNewsDetailCell.m in Sources */ = {isa = PBXBuildFile; fileRef = 0AEB62451D51C55F00B38A29 /* HPNewsDetailCell.m */; };
		0AEB62481D51C55F00B38A29 /* HPNewsDetailCell.xib in Resources */ = {isa = PBXBuildFile; fileRef = 0AEB62461D51C55F00B38A29 /* HPNewsDetailCell.xib */; };
		0AEB624B1D51F4B500B38A29 /* HPNewsViewController.m in Sources */ = {isa = PBXBuildFile; fileRef = 0AEB624A1D51F4B500B38A29 /* HPNewsViewController.m */; };
		0AEB624F1D51F60A00B38A29 /* UIBarButtonItem+HPExtension.m in Sources */ = {isa = PBXBuildFile; fileRef = 0AEB624E1D51F60A00B38A29 /* UIBarButtonItem+HPExtension.m */; };
		0F7B1C56A9718E1BFA62BCF6 /* libPods.a in Frameworks */ = {isa = PBXBuildFile; fileRef = A7F4FB3B9460EDBFA614009D /* libPods.a */; };
/* End PBXBuildFile section */

/* Begin PBXContainerItemProxy section */
		0A48157F1D4C4BE100B35AA2 /* PBXContainerItemProxy */ = {
			isa = PBXContainerItemProxy;
			containerPortal = 0A48155D1D4C4BE100B35AA2 /* Project object */;
			proxyType = 1;
			remoteGlobalIDString = 0A4815641D4C4BE100B35AA2;
			remoteInfo = orangeLife;
		};
		0A48158A1D4C4BE100B35AA2 /* PBXContainerItemProxy */ = {
			isa = PBXContainerItemProxy;
			containerPortal = 0A48155D1D4C4BE100B35AA2 /* Project object */;
			proxyType = 1;
			remoteGlobalIDString = 0A4815641D4C4BE100B35AA2;
			remoteInfo = orangeLife;
		};
/* End PBXContainerItemProxy section */

/* Begin PBXFileReference section */
		0A020C8F1D4F190D00458BA3 /* HPFinanceVC.h */ = {isa = PBXFileReference; fileEncoding = 4; lastKnownFileType = sourcecode.c.h; path = HPFinanceVC.h; sourceTree = "<group>"; };
		0A020C901D4F190D00458BA3 /* HPFinanceVC.m */ = {isa = PBXFileReference; fileEncoding = 4; lastKnownFileType = sourcecode.c.objc; path = HPFinanceVC.m; sourceTree = "<group>"; };
		0A020C911D4F190D00458BA3 /* HPFoodVC.h */ = {isa = PBXFileReference; fileEncoding = 4; lastKnownFileType = sourcecode.c.h; path = HPFoodVC.h; sourceTree = "<group>"; };
		0A020C921D4F190D00458BA3 /* HPFoodVC.m */ = {isa = PBXFileReference; fileEncoding = 4; lastKnownFileType = sourcecode.c.objc; path = HPFoodVC.m; sourceTree = "<group>"; };
		0A020C931D4F190D00458BA3 /* HPGossipyVC.h */ = {isa = PBXFileReference; fileEncoding = 4; lastKnownFileType = sourcecode.c.h; path = HPGossipyVC.h; sourceTree = "<group>"; };
		0A020C941D4F190D00458BA3 /* HPGossipyVC.m */ = {isa = PBXFileReference; fileEncoding = 4; lastKnownFileType = sourcecode.c.objc; path = HPGossipyVC.m; sourceTree = "<group>"; };
		0A020C951D4F190D00458BA3 /* HPNewsVC.h */ = {isa = PBXFileReference; fileEncoding = 4; lastKnownFileType = sourcecode.c.h; path = HPNewsVC.h; sourceTree = "<group>"; };
		0A020C961D4F190D00458BA3 /* HPNewsVC.m */ = {isa = PBXFileReference; fileEncoding = 4; lastKnownFileType = sourcecode.c.objc; path = HPNewsVC.m; sourceTree = "<group>"; };
		0A020C9E1D4F2CEA00458BA3 /* HPHttpManager.h */ = {isa = PBXFileReference; fileEncoding = 4; lastKnownFileType = sourcecode.c.h; path = HPHttpManager.h; sourceTree = "<group>"; };
		0A020C9F1D4F2CEA00458BA3 /* HPHttpManager.m */ = {isa = PBXFileReference; fileEncoding = 4; lastKnownFileType = sourcecode.c.objc; path = HPHttpManager.m; sourceTree = "<group>"; };
		0A020CA11D4F378600458BA3 /* MobileCoreServices.framework */ = {isa = PBXFileReference; lastKnownFileType = wrapper.framework; name = MobileCoreServices.framework; path = System/Library/Frameworks/MobileCoreServices.framework; sourceTree = SDKROOT; };
		0A020CA31D4F379600458BA3 /* CFNetwork.framework */ = {isa = PBXFileReference; lastKnownFileType = wrapper.framework; name = CFNetwork.framework; path = System/Library/Frameworks/CFNetwork.framework; sourceTree = SDKROOT; };
		0A020CA51D4F37A500458BA3 /* MessageUI.framework */ = {isa = PBXFileReference; lastKnownFileType = wrapper.framework; name = MessageUI.framework; path = System/Library/Frameworks/MessageUI.framework; sourceTree = SDKROOT; };
		0A020CA71D4F37D100458BA3 /* EventKit.framework */ = {isa = PBXFileReference; lastKnownFileType = wrapper.framework; name = EventKit.framework; path = System/Library/Frameworks/EventKit.framework; sourceTree = SDKROOT; };
		0A020CA91D4F380800458BA3 /* AssetsLibrary.framework */ = {isa = PBXFileReference; lastKnownFileType = wrapper.framework; name = AssetsLibrary.framework; path = System/Library/Frameworks/AssetsLibrary.framework; sourceTree = SDKROOT; };
		0A020CAB1D4F381200458BA3 /* CoreMotion.framework */ = {isa = PBXFileReference; lastKnownFileType = wrapper.framework; name = CoreMotion.framework; path = System/Library/Frameworks/CoreMotion.framework; sourceTree = SDKROOT; };
		0A020CAD1D4F382600458BA3 /* libz.tbd */ = {isa = PBXFileReference; lastKnownFileType = "sourcecode.text-based-dylib-definition"; name = libz.tbd; path = usr/lib/libz.tbd; sourceTree = SDKROOT; };
		0A020CAF1D4F383200458BA3 /* SystemConfiguration.framework */ = {isa = PBXFileReference; lastKnownFileType = wrapper.framework; name = SystemConfiguration.framework; path = System/Library/Frameworks/SystemConfiguration.framework; sourceTree = SDKROOT; };
		0A020CB11D4F384300458BA3 /* CoreTelephony.framework */ = {isa = PBXFileReference; lastKnownFileType = wrapper.framework; name = CoreTelephony.framework; path = System/Library/Frameworks/CoreTelephony.framework; sourceTree = SDKROOT; };
		0A020CC21D4F408200458BA3 /* H5Service.bundle */ = {isa = PBXFileReference; lastKnownFileType = "wrapper.plug-in"; path = H5Service.bundle; sourceTree = "<group>"; };
		0A020CC41D4F408A00458BA3 /* Poseidon.bundle */ = {isa = PBXFileReference; lastKnownFileType = "wrapper.plug-in"; path = Poseidon.bundle; sourceTree = "<group>"; };
		0A020CC61D4F40A300458BA3 /* ZMCreditSDK.framework */ = {isa = PBXFileReference; lastKnownFileType = wrapper.framework; path = ZMCreditSDK.framework; sourceTree = "<group>"; };
		0A020CC81D4F40AD00458BA3 /* ZMDependUponSDK.framework */ = {isa = PBXFileReference; lastKnownFileType = wrapper.framework; path = ZMDependUponSDK.framework; sourceTree = "<group>"; };
		0A020CCA1D4F416500458BA3 /* Security.framework */ = {isa = PBXFileReference; lastKnownFileType = wrapper.framework; name = Security.framework; path = System/Library/Frameworks/Security.framework; sourceTree = SDKROOT; };
		0A2336971D503C4800E5833B /* Foundation+Log.m */ = {isa = PBXFileReference; fileEncoding = 4; lastKnownFileType = sourcecode.c.objc; path = "Foundation+Log.m"; sourceTree = "<group>"; };
		0A4815651D4C4BE100B35AA2 /* orangeLife.app */ = {isa = PBXFileReference; explicitFileType = wrapper.application; includeInIndex = 0; path = orangeLife.app; sourceTree = BUILT_PRODUCTS_DIR; };
		0A4815691D4C4BE100B35AA2 /* main.m */ = {isa = PBXFileReference; lastKnownFileType = sourcecode.c.objc; path = main.m; sourceTree = "<group>"; };
		0A48156B1D4C4BE100B35AA2 /* AppDelegate.h */ = {isa = PBXFileReference; lastKnownFileType = sourcecode.c.h; path = AppDelegate.h; sourceTree = "<group>"; };
		0A48156C1D4C4BE100B35AA2 /* AppDelegate.m */ = {isa = PBXFileReference; lastKnownFileType = sourcecode.c.objc; path = AppDelegate.m; sourceTree = "<group>"; };
		0A4815741D4C4BE100B35AA2 /* Assets.xcassets */ = {isa = PBXFileReference; lastKnownFileType = folder.assetcatalog; path = Assets.xcassets; sourceTree = "<group>"; };
		0A4815771D4C4BE100B35AA2 /* Base */ = {isa = PBXFileReference; lastKnownFileType = file.storyboard; name = Base; path = Base.lproj/LaunchScreen.storyboard; sourceTree = "<group>"; };
		0A4815791D4C4BE100B35AA2 /* Info.plist */ = {isa = PBXFileReference; lastKnownFileType = text.plist.xml; path = Info.plist; sourceTree = "<group>"; };
		0A48157E1D4C4BE100B35AA2 /* orangeLifeTests.xctest */ = {isa = PBXFileReference; explicitFileType = wrapper.cfbundle; includeInIndex = 0; path = orangeLifeTests.xctest; sourceTree = BUILT_PRODUCTS_DIR; };
		0A4815821D4C4BE100B35AA2 /* orangeLifeTests.m */ = {isa = PBXFileReference; lastKnownFileType = sourcecode.c.objc; path = orangeLifeTests.m; sourceTree = "<group>"; };
		0A4815841D4C4BE100B35AA2 /* Info.plist */ = {isa = PBXFileReference; lastKnownFileType = text.plist.xml; path = Info.plist; sourceTree = "<group>"; };
		0A4815891D4C4BE100B35AA2 /* orangeLifeUITests.xctest */ = {isa = PBXFileReference; explicitFileType = wrapper.cfbundle; includeInIndex = 0; path = orangeLifeUITests.xctest; sourceTree = BUILT_PRODUCTS_DIR; };
		0A48158D1D4C4BE100B35AA2 /* orangeLifeUITests.m */ = {isa = PBXFileReference; lastKnownFileType = sourcecode.c.objc; path = orangeLifeUITests.m; sourceTree = "<group>"; };
		0A48158F1D4C4BE200B35AA2 /* Info.plist */ = {isa = PBXFileReference; lastKnownFileType = text.plist.xml; path = Info.plist; sourceTree = "<group>"; };
		0A48159B1D4C4D9000B35AA2 /* HPBasicViewController.h */ = {isa = PBXFileReference; fileEncoding = 4; lastKnownFileType = sourcecode.c.h; path = HPBasicViewController.h; sourceTree = "<group>"; };
		0A48159C1D4C4D9000B35AA2 /* HPBasicViewController.mm */ = {isa = PBXFileReference; fileEncoding = 4; lastKnownFileType = sourcecode.cpp.objcpp; path = HPBasicViewController.mm; sourceTree = "<group>"; };
		0A48159F1D4C538400B35AA2 /* HPConst.h */ = {isa = PBXFileReference; fileEncoding = 4; lastKnownFileType = sourcecode.c.h; path = HPConst.h; sourceTree = "<group>"; };
		0A4815A01D4C538400B35AA2 /* HPConst.m */ = {isa = PBXFileReference; fileEncoding = 4; lastKnownFileType = sourcecode.c.objc; path = HPConst.m; sourceTree = "<group>"; };
		0A4815A31D4C544B00B35AA2 /* UIView+HPExtension.h */ = {isa = PBXFileReference; fileEncoding = 4; lastKnownFileType = sourcecode.c.h; path = "UIView+HPExtension.h"; sourceTree = "<group>"; };
		0A4815A41D4C544B00B35AA2 /* UIView+HPExtension.m */ = {isa = PBXFileReference; fileEncoding = 4; lastKnownFileType = sourcecode.c.objc; path = "UIView+HPExtension.m"; sourceTree = "<group>"; };
		0A4815A61D4C54D700B35AA2 /* Prefix-Header.h */ = {isa = PBXFileReference; lastKnownFileType = sourcecode.c.h; path = "Prefix-Header.h"; sourceTree = "<group>"; };
		0A4E35851D506F8800E195C4 /* HPUtils.h */ = {isa = PBXFileReference; fileEncoding = 4; lastKnownFileType = sourcecode.c.h; path = HPUtils.h; sourceTree = "<group>"; };
		0A4E35861D506F8800E195C4 /* HPUtils.m */ = {isa = PBXFileReference; fileEncoding = 4; lastKnownFileType = sourcecode.c.objc; path = HPUtils.m; sourceTree = "<group>"; };
		0A4E35891D5093CD00E195C4 /* HPNews.h */ = {isa = PBXFileReference; fileEncoding = 4; lastKnownFileType = sourcecode.c.h; path = HPNews.h; sourceTree = "<group>"; };
		0A4E358A1D5093CD00E195C4 /* HPNews.m */ = {isa = PBXFileReference; fileEncoding = 4; lastKnownFileType = sourcecode.c.objc; path = HPNews.m; sourceTree = "<group>"; };
		0A4E358D1D50940E00E195C4 /* HPNewsDetailVC.h */ = {isa = PBXFileReference; fileEncoding = 4; lastKnownFileType = sourcecode.c.h; path = HPNewsDetailVC.h; sourceTree = "<group>"; };
		0A4E358E1D50940E00E195C4 /* HPNewsDetailVC.m */ = {isa = PBXFileReference; fileEncoding = 4; lastKnownFileType = sourcecode.c.objc; path = HPNewsDetailVC.m; sourceTree = "<group>"; };
		0A4E35941D50990100E195C4 /* HPWebViewVC.h */ = {isa = PBXFileReference; fileEncoding = 4; lastKnownFileType = sourcecode.c.h; path = HPWebViewVC.h; sourceTree = "<group>"; };
		0A4E35951D50990100E195C4 /* HPWebViewVC.m */ = {isa = PBXFileReference; fileEncoding = 4; lastKnownFileType = sourcecode.c.objc; path = HPWebViewVC.m; sourceTree = "<group>"; };
		0AEB62441D51C55F00B38A29 /* HPNewsDetailCell.h */ = {isa = PBXFileReference; fileEncoding = 4; lastKnownFileType = sourcecode.c.h; path = HPNewsDetailCell.h; sourceTree = "<group>"; };
		0AEB62451D51C55F00B38A29 /* HPNewsDetailCell.m */ = {isa = PBXFileReference; fileEncoding = 4; lastKnownFileType = sourcecode.c.objc; path = HPNewsDetailCell.m; sourceTree = "<group>"; };
		0AEB62461D51C55F00B38A29 /* HPNewsDetailCell.xib */ = {isa = PBXFileReference; fileEncoding = 4; lastKnownFileType = file.xib; path = HPNewsDetailCell.xib; sourceTree = "<group>"; };
		0AEB62491D51F4B500B38A29 /* HPNewsViewController.h */ = {isa = PBXFileReference; fileEncoding = 4; lastKnownFileType = sourcecode.c.h; path = HPNewsViewController.h; sourceTree = "<group>"; };
		0AEB624A1D51F4B500B38A29 /* HPNewsViewController.m */ = {isa = PBXFileReference; fileEncoding = 4; lastKnownFileType = sourcecode.c.objc; path = HPNewsViewController.m; sourceTree = "<group>"; };
		0AEB624D1D51F60A00B38A29 /* UIBarButtonItem+HPExtension.h */ = {isa = PBXFileReference; fileEncoding = 4; lastKnownFileType = sourcecode.c.h; path = "UIBarButtonItem+HPExtension.h"; sourceTree = "<group>"; };
		0AEB624E1D51F60A00B38A29 /* UIBarButtonItem+HPExtension.m */ = {isa = PBXFileReference; fileEncoding = 4; lastKnownFileType = sourcecode.c.objc; path = "UIBarButtonItem+HPExtension.m"; sourceTree = "<group>"; };
		18810DF49973A73CE918D0E0 /* Pods.release.xcconfig */ = {isa = PBXFileReference; includeInIndex = 1; lastKnownFileType = text.xcconfig; name = Pods.release.xcconfig; path = "Pods/Target Support Files/Pods/Pods.release.xcconfig"; sourceTree = "<group>"; };
		93850DD3917DBBCCA06E5392 /* Pods.debug.xcconfig */ = {isa = PBXFileReference; includeInIndex = 1; lastKnownFileType = text.xcconfig; name = Pods.debug.xcconfig; path = "Pods/Target Support Files/Pods/Pods.debug.xcconfig"; sourceTree = "<group>"; };
		A7F4FB3B9460EDBFA614009D /* libPods.a */ = {isa = PBXFileReference; explicitFileType = archive.ar; includeInIndex = 0; path = libPods.a; sourceTree = BUILT_PRODUCTS_DIR; };
/* End PBXFileReference section */

/* Begin PBXFrameworksBuildPhase section */
		0A4815621D4C4BE100B35AA2 /* Frameworks */ = {
			isa = PBXFrameworksBuildPhase;
			buildActionMask = 2147483647;
			files = (
				0A020CCB1D4F416500458BA3 /* Security.framework in Frameworks */,
				0A020CB21D4F384300458BA3 /* CoreTelephony.framework in Frameworks */,
				0A020CB01D4F383200458BA3 /* SystemConfiguration.framework in Frameworks */,
				0A020CAE1D4F382600458BA3 /* libz.tbd in Frameworks */,
				0A020CAC1D4F381200458BA3 /* CoreMotion.framework in Frameworks */,
				0A020CC91D4F40AD00458BA3 /* ZMDependUponSDK.framework in Frameworks */,
				0A020CC71D4F40A300458BA3 /* ZMCreditSDK.framework in Frameworks */,
				0A020CAA1D4F380800458BA3 /* AssetsLibrary.framework in Frameworks */,
				0A020CA81D4F37D100458BA3 /* EventKit.framework in Frameworks */,
				0A020CA61D4F37A500458BA3 /* MessageUI.framework in Frameworks */,
				0A020CA41D4F379600458BA3 /* CFNetwork.framework in Frameworks */,
				0A020CA21D4F378600458BA3 /* MobileCoreServices.framework in Frameworks */,
				0F7B1C56A9718E1BFA62BCF6 /* libPods.a in Frameworks */,
			);
			runOnlyForDeploymentPostprocessing = 0;
		};
		0A48157B1D4C4BE100B35AA2 /* Frameworks */ = {
			isa = PBXFrameworksBuildPhase;
			buildActionMask = 2147483647;
			files = (
			);
			runOnlyForDeploymentPostprocessing = 0;
		};
		0A4815861D4C4BE100B35AA2 /* Frameworks */ = {
			isa = PBXFrameworksBuildPhase;
			buildActionMask = 2147483647;
			files = (
			);
			runOnlyForDeploymentPostprocessing = 0;
		};
/* End PBXFrameworksBuildPhase section */

/* Begin PBXGroup section */
		0A020C8D1D4EF07A00458BA3 /* MainController */ = {
			isa = PBXGroup;
			children = (
				0A48159B1D4C4D9000B35AA2 /* HPBasicViewController.h */,
				0A48159C1D4C4D9000B35AA2 /* HPBasicViewController.mm */,
			);
			name = MainController;
			sourceTree = "<group>";
		};
		0A020C8E1D4F190D00458BA3 /* SubControllers */ = {
			isa = PBXGroup;
			children = (
				0A4E35811D506ED700E195C4 /* DetailController */,
				0A020C951D4F190D00458BA3 /* HPNewsVC.h */,
				0A020C961D4F190D00458BA3 /* HPNewsVC.m */,
				0AEB62491D51F4B500B38A29 /* HPNewsViewController.h */,
				0AEB624A1D51F4B500B38A29 /* HPNewsViewController.m */,
				0A020C8F1D4F190D00458BA3 /* HPFinanceVC.h */,
				0A020C901D4F190D00458BA3 /* HPFinanceVC.m */,
				0A020C911D4F190D00458BA3 /* HPFoodVC.h */,
				0A020C921D4F190D00458BA3 /* HPFoodVC.m */,
				0A020C931D4F190D00458BA3 /* HPGossipyVC.h */,
				0A020C941D4F190D00458BA3 /* HPGossipyVC.m */,
			);
			path = SubControllers;
			sourceTree = "<group>";
		};
		0A020C9D1D4F193800458BA3 /* Other */ = {
			isa = PBXGroup;
			children = (
				0A2336971D503C4800E5833B /* Foundation+Log.m */,
				0A48156B1D4C4BE100B35AA2 /* AppDelegate.h */,
				0A48156C1D4C4BE100B35AA2 /* AppDelegate.m */,
				0A4815A61D4C54D700B35AA2 /* Prefix-Header.h */,
				0A4815741D4C4BE100B35AA2 /* Assets.xcassets */,
				0A4815761D4C4BE100B35AA2 /* LaunchScreen.storyboard */,
				0A4815791D4C4BE100B35AA2 /* Info.plist */,
			);
			name = Other;
			sourceTree = "<group>";
		};
		0A020CB51D4F3AD800458BA3 /* Seasame */ = {
			isa = PBXGroup;
			children = (
				0A020CC41D4F408A00458BA3 /* Poseidon.bundle */,
				0A020CC21D4F408200458BA3 /* H5Service.bundle */,
			);
			path = Seasame;
			sourceTree = "<group>";
		};
		0A48155C1D4C4BE100B35AA2 = {
			isa = PBXGroup;
			children = (
				0A4815671D4C4BE100B35AA2 /* orangeLife */,
				0A4815811D4C4BE100B35AA2 /* orangeLifeTests */,
				0A48158C1D4C4BE100B35AA2 /* orangeLifeUITests */,
				0A4815661D4C4BE100B35AA2 /* Products */,
				1FAA91583AA7CBA3B2593E4C /* Pods */,
				7B1DAB5ECEC8729EE02F2E17 /* Frameworks */,
			);
			sourceTree = "<group>";
		};
		0A4815661D4C4BE100B35AA2 /* Products */ = {
			isa = PBXGroup;
			children = (
				0A4815651D4C4BE100B35AA2 /* orangeLife.app */,
				0A48157E1D4C4BE100B35AA2 /* orangeLifeTests.xctest */,
				0A4815891D4C4BE100B35AA2 /* orangeLifeUITests.xctest */,
			);
			name = Products;
			sourceTree = "<group>";
		};
		0A4815671D4C4BE100B35AA2 /* orangeLife */ = {
			isa = PBXGroup;
			children = (
				0A020CB51D4F3AD800458BA3 /* Seasame */,
				0A020C9D1D4F193800458BA3 /* Other */,
				0A020C8E1D4F190D00458BA3 /* SubControllers */,
				0A020C8D1D4EF07A00458BA3 /* MainController */,
				0A4815A21D4C543400B35AA2 /* Category */,
				0A48159E1D4C536400B35AA2 /* Tools */,
				0A4815681D4C4BE100B35AA2 /* Supporting Files */,
			);
			path = orangeLife;
			sourceTree = "<group>";
		};
		0A4815681D4C4BE100B35AA2 /* Supporting Files */ = {
			isa = PBXGroup;
			children = (
				0A4815691D4C4BE100B35AA2 /* main.m */,
			);
			name = "Supporting Files";
			sourceTree = "<group>";
		};
		0A4815811D4C4BE100B35AA2 /* orangeLifeTests */ = {
			isa = PBXGroup;
			children = (
				0A4815821D4C4BE100B35AA2 /* orangeLifeTests.m */,
				0A4815841D4C4BE100B35AA2 /* Info.plist */,
			);
			path = orangeLifeTests;
			sourceTree = "<group>";
		};
		0A48158C1D4C4BE100B35AA2 /* orangeLifeUITests */ = {
			isa = PBXGroup;
			children = (
				0A48158D1D4C4BE100B35AA2 /* orangeLifeUITests.m */,
				0A48158F1D4C4BE200B35AA2 /* Info.plist */,
			);
			path = orangeLifeUITests;
			sourceTree = "<group>";
		};
		0A48159E1D4C536400B35AA2 /* Tools */ = {
			isa = PBXGroup;
			children = (
				0A48159F1D4C538400B35AA2 /* HPConst.h */,
				0A4815A01D4C538400B35AA2 /* HPConst.m */,
				0A020C9E1D4F2CEA00458BA3 /* HPHttpManager.h */,
				0A020C9F1D4F2CEA00458BA3 /* HPHttpManager.m */,
				0A4E35851D506F8800E195C4 /* HPUtils.h */,
				0A4E35861D506F8800E195C4 /* HPUtils.m */,
			);
			path = Tools;
			sourceTree = "<group>";
		};
		0A4815A21D4C543400B35AA2 /* Category */ = {
			isa = PBXGroup;
			children = (
				0A4815A31D4C544B00B35AA2 /* UIView+HPExtension.h */,
				0A4815A41D4C544B00B35AA2 /* UIView+HPExtension.m */,
				0AEB624D1D51F60A00B38A29 /* UIBarButtonItem+HPExtension.h */,
				0AEB624E1D51F60A00B38A29 /* UIBarButtonItem+HPExtension.m */,
			);
			path = Category;
			sourceTree = "<group>";
		};
		0A4E35811D506ED700E195C4 /* DetailController */ = {
			isa = PBXGroup;
			children = (
				0A4E358C1D50940E00E195C4 /* Controllers */,
				0A4E358F1D50940E00E195C4 /* Views */,
				0A4E35881D5093BB00E195C4 /* Models */,
			);
			path = DetailController;
			sourceTree = "<group>";
		};
		0A4E35881D5093BB00E195C4 /* Models */ = {
			isa = PBXGroup;
			children = (
				0A4E35891D5093CD00E195C4 /* HPNews.h */,
				0A4E358A1D5093CD00E195C4 /* HPNews.m */,
			);
			path = Models;
			sourceTree = "<group>";
		};
		0A4E358C1D50940E00E195C4 /* Controllers */ = {
			isa = PBXGroup;
			children = (
				0A4E358D1D50940E00E195C4 /* HPNewsDetailVC.h */,
				0A4E358E1D50940E00E195C4 /* HPNewsDetailVC.m */,
				0A4E35941D50990100E195C4 /* HPWebViewVC.h */,
				0A4E35951D50990100E195C4 /* HPWebViewVC.m */,
			);
			path = Controllers;
			sourceTree = "<group>";
		};
		0A4E358F1D50940E00E195C4 /* Views */ = {
			isa = PBXGroup;
			children = (
				0AEB62441D51C55F00B38A29 /* HPNewsDetailCell.h */,
				0AEB62451D51C55F00B38A29 /* HPNewsDetailCell.m */,
				0AEB62461D51C55F00B38A29 /* HPNewsDetailCell.xib */,
			);
			path = Views;
			sourceTree = "<group>";
		};
		1FAA91583AA7CBA3B2593E4C /* Pods */ = {
			isa = PBXGroup;
			children = (
				93850DD3917DBBCCA06E5392 /* Pods.debug.xcconfig */,
				18810DF49973A73CE918D0E0 /* Pods.release.xcconfig */,
			);
			name = Pods;
			sourceTree = "<group>";
		};
		7B1DAB5ECEC8729EE02F2E17 /* Frameworks */ = {
			isa = PBXGroup;
			children = (
				0A020CCA1D4F416500458BA3 /* Security.framework */,
				0A020CC81D4F40AD00458BA3 /* ZMDependUponSDK.framework */,
				0A020CC61D4F40A300458BA3 /* ZMCreditSDK.framework */,
				0A020CB11D4F384300458BA3 /* CoreTelephony.framework */,
				0A020CAF1D4F383200458BA3 /* SystemConfiguration.framework */,
				0A020CAD1D4F382600458BA3 /* libz.tbd */,
				0A020CAB1D4F381200458BA3 /* CoreMotion.framework */,
				0A020CA91D4F380800458BA3 /* AssetsLibrary.framework */,
				0A020CA71D4F37D100458BA3 /* EventKit.framework */,
				0A020CA51D4F37A500458BA3 /* MessageUI.framework */,
				0A020CA31D4F379600458BA3 /* CFNetwork.framework */,
				0A020CA11D4F378600458BA3 /* MobileCoreServices.framework */,
				A7F4FB3B9460EDBFA614009D /* libPods.a */,
			);
			name = Frameworks;
			sourceTree = "<group>";
		};
/* End PBXGroup section */

/* Begin PBXNativeTarget section */
		0A4815641D4C4BE100B35AA2 /* orangeLife */ = {
			isa = PBXNativeTarget;
			buildConfigurationList = 0A4815921D4C4BE200B35AA2 /* Build configuration list for PBXNativeTarget "orangeLife" */;
			buildPhases = (
				FD5AF604983492B4B4554777 /* Check Pods Manifest.lock */,
				0A4815611D4C4BE100B35AA2 /* Sources */,
				0A4815621D4C4BE100B35AA2 /* Frameworks */,
				0A4815631D4C4BE100B35AA2 /* Resources */,
				D74580DA4328C8BBF84F5AA6 /* Embed Pods Frameworks */,
				3D5108D749E2FF018CE08254 /* Copy Pods Resources */,
			);
			buildRules = (
			);
			dependencies = (
			);
			name = orangeLife;
			productName = orangeLife;
			productReference = 0A4815651D4C4BE100B35AA2 /* orangeLife.app */;
			productType = "com.apple.product-type.application";
		};
		0A48157D1D4C4BE100B35AA2 /* orangeLifeTests */ = {
			isa = PBXNativeTarget;
			buildConfigurationList = 0A4815951D4C4BE200B35AA2 /* Build configuration list for PBXNativeTarget "orangeLifeTests" */;
			buildPhases = (
				0A48157A1D4C4BE100B35AA2 /* Sources */,
				0A48157B1D4C4BE100B35AA2 /* Frameworks */,
				0A48157C1D4C4BE100B35AA2 /* Resources */,
			);
			buildRules = (
			);
			dependencies = (
				0A4815801D4C4BE100B35AA2 /* PBXTargetDependency */,
			);
			name = orangeLifeTests;
			productName = orangeLifeTests;
			productReference = 0A48157E1D4C4BE100B35AA2 /* orangeLifeTests.xctest */;
			productType = "com.apple.product-type.bundle.unit-test";
		};
		0A4815881D4C4BE100B35AA2 /* orangeLifeUITests */ = {
			isa = PBXNativeTarget;
			buildConfigurationList = 0A4815981D4C4BE200B35AA2 /* Build configuration list for PBXNativeTarget "orangeLifeUITests" */;
			buildPhases = (
				0A4815851D4C4BE100B35AA2 /* Sources */,
				0A4815861D4C4BE100B35AA2 /* Frameworks */,
				0A4815871D4C4BE100B35AA2 /* Resources */,
			);
			buildRules = (
			);
			dependencies = (
				0A48158B1D4C4BE100B35AA2 /* PBXTargetDependency */,
			);
			name = orangeLifeUITests;
			productName = orangeLifeUITests;
			productReference = 0A4815891D4C4BE100B35AA2 /* orangeLifeUITests.xctest */;
			productType = "com.apple.product-type.bundle.ui-testing";
		};
/* End PBXNativeTarget section */

/* Begin PBXProject section */
		0A48155D1D4C4BE100B35AA2 /* Project object */ = {
			isa = PBXProject;
			attributes = {
				CLASSPREFIX = HP;
				LastUpgradeCheck = 0730;
				ORGANIZATIONNAME = "张俊凯";
				TargetAttributes = {
					0A4815641D4C4BE100B35AA2 = {
						CreatedOnToolsVersion = 7.3.1;
					};
					0A48157D1D4C4BE100B35AA2 = {
						CreatedOnToolsVersion = 7.3.1;
						TestTargetID = 0A4815641D4C4BE100B35AA2;
					};
					0A4815881D4C4BE100B35AA2 = {
						CreatedOnToolsVersion = 7.3.1;
						TestTargetID = 0A4815641D4C4BE100B35AA2;
					};
				};
			};
			buildConfigurationList = 0A4815601D4C4BE100B35AA2 /* Build configuration list for PBXProject "orangeLife" */;
			compatibilityVersion = "Xcode 3.2";
			developmentRegion = English;
			hasScannedForEncodings = 0;
			knownRegions = (
				en,
				Base,
			);
			mainGroup = 0A48155C1D4C4BE100B35AA2;
			productRefGroup = 0A4815661D4C4BE100B35AA2 /* Products */;
			projectDirPath = "";
			projectRoot = "";
			targets = (
				0A4815641D4C4BE100B35AA2 /* orangeLife */,
				0A48157D1D4C4BE100B35AA2 /* orangeLifeTests */,
				0A4815881D4C4BE100B35AA2 /* orangeLifeUITests */,
			);
		};
/* End PBXProject section */

/* Begin PBXResourcesBuildPhase section */
		0A4815631D4C4BE100B35AA2 /* Resources */ = {
			isa = PBXResourcesBuildPhase;
			buildActionMask = 2147483647;
			files = (
				0A020CC51D4F408A00458BA3 /* Poseidon.bundle in Resources */,
				0A4815781D4C4BE100B35AA2 /* LaunchScreen.storyboard in Resources */,
				0A4815751D4C4BE100B35AA2 /* Assets.xcassets in Resources */,
				0A020CC31D4F408200458BA3 /* H5Service.bundle in Resources */,
				0AEB62481D51C55F00B38A29 /* HPNewsDetailCell.xib in Resources */,
			);
			runOnlyForDeploymentPostprocessing = 0;
		};
		0A48157C1D4C4BE100B35AA2 /* Resources */ = {
			isa = PBXResourcesBuildPhase;
			buildActionMask = 2147483647;
			files = (
			);
			runOnlyForDeploymentPostprocessing = 0;
		};
		0A4815871D4C4BE100B35AA2 /* Resources */ = {
			isa = PBXResourcesBuildPhase;
			buildActionMask = 2147483647;
			files = (
			);
			runOnlyForDeploymentPostprocessing = 0;
		};
/* End PBXResourcesBuildPhase section */

/* Begin PBXShellScriptBuildPhase section */
		3D5108D749E2FF018CE08254 /* Copy Pods Resources */ = {
			isa = PBXShellScriptBuildPhase;
			buildActionMask = 2147483647;
			files = (
			);
			inputPaths = (
			);
			name = "Copy Pods Resources";
			outputPaths = (
			);
			runOnlyForDeploymentPostprocessing = 0;
			shellPath = /bin/sh;
			shellScript = "\"${SRCROOT}/Pods/Target Support Files/Pods/Pods-resources.sh\"\n";
			showEnvVarsInLog = 0;
		};
		D74580DA4328C8BBF84F5AA6 /* Embed Pods Frameworks */ = {
			isa = PBXShellScriptBuildPhase;
			buildActionMask = 2147483647;
			files = (
			);
			inputPaths = (
			);
			name = "Embed Pods Frameworks";
			outputPaths = (
			);
			runOnlyForDeploymentPostprocessing = 0;
			shellPath = /bin/sh;
			shellScript = "\"${SRCROOT}/Pods/Target Support Files/Pods/Pods-frameworks.sh\"\n";
			showEnvVarsInLog = 0;
		};
		FD5AF604983492B4B4554777 /* Check Pods Manifest.lock */ = {
			isa = PBXShellScriptBuildPhase;
			buildActionMask = 2147483647;
			files = (
			);
			inputPaths = (
			);
			name = "Check Pods Manifest.lock";
			outputPaths = (
			);
			runOnlyForDeploymentPostprocessing = 0;
			shellPath = /bin/sh;
			shellScript = "diff \"${PODS_ROOT}/../Podfile.lock\" \"${PODS_ROOT}/Manifest.lock\" > /dev/null\nif [[ $? != 0 ]] ; then\n    cat << EOM\nerror: The sandbox is not in sync with the Podfile.lock. Run 'pod install' or update your CocoaPods installation.\nEOM\n    exit 1\nfi\n";
			showEnvVarsInLog = 0;
		};
/* End PBXShellScriptBuildPhase section */

/* Begin PBXSourcesBuildPhase section */
		0A4815611D4C4BE100B35AA2 /* Sources */ = {
			isa = PBXSourcesBuildPhase;
			buildActionMask = 2147483647;
			files = (
				0A4815A51D4C544B00B35AA2 /* UIView+HPExtension.m in Sources */,
				0A48156D1D4C4BE100B35AA2 /* AppDelegate.m in Sources */,
				0AEB624F1D51F60A00B38A29 /* UIBarButtonItem+HPExtension.m in Sources */,
				0A4E35961D50990100E195C4 /* HPWebViewVC.m in Sources */,
				0A48159D1D4C4D9000B35AA2 /* HPBasicViewController.mm in Sources */,
				0A020C981D4F190D00458BA3 /* HPFoodVC.m in Sources */,
				0AEB624B1D51F4B500B38A29 /* HPNewsViewController.m in Sources */,
				0AEB62471D51C55F00B38A29 /* HPNewsDetailCell.m in Sources */,
				0A4E358B1D5093CD00E195C4 /* HPNews.m in Sources */,
				0A48156A1D4C4BE100B35AA2 /* main.m in Sources */,
				0A4E35901D50940E00E195C4 /* HPNewsDetailVC.m in Sources */,
				0A2336981D503C4800E5833B /* Foundation+Log.m in Sources */,
				0A4815A11D4C538400B35AA2 /* HPConst.m in Sources */,
				0A4E35871D506F8800E195C4 /* HPUtils.m in Sources */,
				0A020C971D4F190D00458BA3 /* HPFinanceVC.m in Sources */,
				0A020C991D4F190D00458BA3 /* HPGossipyVC.m in Sources */,
				0A020C9A1D4F190D00458BA3 /* HPNewsVC.m in Sources */,
				0A020CA01D4F2CEA00458BA3 /* HPHttpManager.m in Sources */,
			);
			runOnlyForDeploymentPostprocessing = 0;
		};
		0A48157A1D4C4BE100B35AA2 /* Sources */ = {
			isa = PBXSourcesBuildPhase;
			buildActionMask = 2147483647;
			files = (
				0A4815831D4C4BE100B35AA2 /* orangeLifeTests.m in Sources */,
			);
			runOnlyForDeploymentPostprocessing = 0;
		};
		0A4815851D4C4BE100B35AA2 /* Sources */ = {
			isa = PBXSourcesBuildPhase;
			buildActionMask = 2147483647;
			files = (
				0A48158E1D4C4BE100B35AA2 /* orangeLifeUITests.m in Sources */,
			);
			runOnlyForDeploymentPostprocessing = 0;
		};
/* End PBXSourcesBuildPhase section */

/* Begin PBXTargetDependency section */
		0A4815801D4C4BE100B35AA2 /* PBXTargetDependency */ = {
			isa = PBXTargetDependency;
			target = 0A4815641D4C4BE100B35AA2 /* orangeLife */;
			targetProxy = 0A48157F1D4C4BE100B35AA2 /* PBXContainerItemProxy */;
		};
		0A48158B1D4C4BE100B35AA2 /* PBXTargetDependency */ = {
			isa = PBXTargetDependency;
			target = 0A4815641D4C4BE100B35AA2 /* orangeLife */;
			targetProxy = 0A48158A1D4C4BE100B35AA2 /* PBXContainerItemProxy */;
		};
/* End PBXTargetDependency section */

/* Begin PBXVariantGroup section */
		0A4815761D4C4BE100B35AA2 /* LaunchScreen.storyboard */ = {
			isa = PBXVariantGroup;
			children = (
				0A4815771D4C4BE100B35AA2 /* Base */,
			);
			name = LaunchScreen.storyboard;
			sourceTree = "<group>";
		};
/* End PBXVariantGroup section */

/* Begin XCBuildConfiguration section */
		0A4815901D4C4BE200B35AA2 /* Debug */ = {
			isa = XCBuildConfiguration;
			buildSettings = {
				ALWAYS_SEARCH_USER_PATHS = NO;
				CLANG_ANALYZER_NONNULL = YES;
				CLANG_CXX_LANGUAGE_STANDARD = "gnu++0x";
				CLANG_CXX_LIBRARY = "libc++";
				CLANG_ENABLE_MODULES = YES;
				CLANG_ENABLE_OBJC_ARC = YES;
				CLANG_WARN_BOOL_CONVERSION = YES;
				CLANG_WARN_CONSTANT_CONVERSION = YES;
				CLANG_WARN_DIRECT_OBJC_ISA_USAGE = YES_ERROR;
				CLANG_WARN_EMPTY_BODY = YES;
				CLANG_WARN_ENUM_CONVERSION = YES;
				CLANG_WARN_INT_CONVERSION = YES;
				CLANG_WARN_OBJC_ROOT_CLASS = YES_ERROR;
				CLANG_WARN_UNREACHABLE_CODE = YES;
				CLANG_WARN__DUPLICATE_METHOD_MATCH = YES;
				"CODE_SIGN_IDENTITY[sdk=iphoneos*]" = "iPhone Developer";
				COPY_PHASE_STRIP = NO;
				DEBUG_INFORMATION_FORMAT = dwarf;
				ENABLE_STRICT_OBJC_MSGSEND = YES;
				ENABLE_TESTABILITY = YES;
				GCC_C_LANGUAGE_STANDARD = gnu99;
				GCC_DYNAMIC_NO_PIC = NO;
				GCC_NO_COMMON_BLOCKS = YES;
				GCC_OPTIMIZATION_LEVEL = 0;
				GCC_PREPROCESSOR_DEFINITIONS = (
					"DEBUG=1",
					"$(inherited)",
				);
				GCC_WARN_64_TO_32_BIT_CONVERSION = YES;
				GCC_WARN_ABOUT_RETURN_TYPE = YES_ERROR;
				GCC_WARN_UNDECLARED_SELECTOR = YES;
				GCC_WARN_UNINITIALIZED_AUTOS = YES_AGGRESSIVE;
				GCC_WARN_UNUSED_FUNCTION = YES;
				GCC_WARN_UNUSED_VARIABLE = YES;
				IPHONEOS_DEPLOYMENT_TARGET = 9.3;
				MTL_ENABLE_DEBUG_INFO = YES;
				ONLY_ACTIVE_ARCH = YES;
				SDKROOT = iphoneos;
			};
			name = Debug;
		};
		0A4815911D4C4BE200B35AA2 /* Release */ = {
			isa = XCBuildConfiguration;
			buildSettings = {
				ALWAYS_SEARCH_USER_PATHS = NO;
				CLANG_ANALYZER_NONNULL = YES;
				CLANG_CXX_LANGUAGE_STANDARD = "gnu++0x";
				CLANG_CXX_LIBRARY = "libc++";
				CLANG_ENABLE_MODULES = YES;
				CLANG_ENABLE_OBJC_ARC = YES;
				CLANG_WARN_BOOL_CONVERSION = YES;
				CLANG_WARN_CONSTANT_CONVERSION = YES;
				CLANG_WARN_DIRECT_OBJC_ISA_USAGE = YES_ERROR;
				CLANG_WARN_EMPTY_BODY = YES;
				CLANG_WARN_ENUM_CONVERSION = YES;
				CLANG_WARN_INT_CONVERSION = YES;
				CLANG_WARN_OBJC_ROOT_CLASS = YES_ERROR;
				CLANG_WARN_UNREACHABLE_CODE = YES;
				CLANG_WARN__DUPLICATE_METHOD_MATCH = YES;
				"CODE_SIGN_IDENTITY[sdk=iphoneos*]" = "iPhone Developer";
				COPY_PHASE_STRIP = NO;
				DEBUG_INFORMATION_FORMAT = "dwarf-with-dsym";
				ENABLE_NS_ASSERTIONS = NO;
				ENABLE_STRICT_OBJC_MSGSEND = YES;
				GCC_C_LANGUAGE_STANDARD = gnu99;
				GCC_NO_COMMON_BLOCKS = YES;
				GCC_WARN_64_TO_32_BIT_CONVERSION = YES;
				GCC_WARN_ABOUT_RETURN_TYPE = YES_ERROR;
				GCC_WARN_UNDECLARED_SELECTOR = YES;
				GCC_WARN_UNINITIALIZED_AUTOS = YES_AGGRESSIVE;
				GCC_WARN_UNUSED_FUNCTION = YES;
				GCC_WARN_UNUSED_VARIABLE = YES;
				IPHONEOS_DEPLOYMENT_TARGET = 9.3;
				MTL_ENABLE_DEBUG_INFO = NO;
				SDKROOT = iphoneos;
				VALIDATE_PRODUCT = YES;
			};
			name = Release;
		};
		0A4815931D4C4BE200B35AA2 /* Debug */ = {
			isa = XCBuildConfiguration;
			baseConfigurationReference = 93850DD3917DBBCCA06E5392 /* Pods.debug.xcconfig */;
			buildSettings = {
				ASSETCATALOG_COMPILER_APPICON_NAME = AppIcon;
				ENABLE_BITCODE = NO;
				FRAMEWORK_SEARCH_PATHS = (
					"$(inherited)",
					"$(PROJECT_DIR)/orangeLife/芝麻信用",
					"$(PROJECT_DIR)",
				);
				GCC_PREFIX_HEADER = "$SRCROOT/orangeLife/Prefix-Header.h";
				INFOPLIST_FILE = orangeLife/Info.plist;
				IPHONEOS_DEPLOYMENT_TARGET = 8.0;
				LD_RUNPATH_SEARCH_PATHS = "$(inherited) @executable_path/Frameworks";
				PRODUCT_BUNDLE_IDENTIFIER = com.cago.orangeLife;
				PRODUCT_NAME = "$(TARGET_NAME)";
				TARGETED_DEVICE_FAMILY = 1;
			};
			name = Debug;
		};
		0A4815941D4C4BE200B35AA2 /* Release */ = {
			isa = XCBuildConfiguration;
			baseConfigurationReference = 18810DF49973A73CE918D0E0 /* Pods.release.xcconfig */;
			buildSettings = {
				ASSETCATALOG_COMPILER_APPICON_NAME = AppIcon;
				ENABLE_BITCODE = NO;
				FRAMEWORK_SEARCH_PATHS = (
					"$(inherited)",
					"$(PROJECT_DIR)/orangeLife/芝麻信用",
					"$(PROJECT_DIR)",
				);
				GCC_PREFIX_HEADER = "$SRCROOT/orangeLife/Prefix-Header.h";
				INFOPLIST_FILE = orangeLife/Info.plist;
				IPHONEOS_DEPLOYMENT_TARGET = 8.0;
				LD_RUNPATH_SEARCH_PATHS = "$(inherited) @executable_path/Frameworks";
				PRODUCT_BUNDLE_IDENTIFIER = com.cago.orangeLife;
				PRODUCT_NAME = "$(TARGET_NAME)";
				TARGETED_DEVICE_FAMILY = 1;
			};
			name = Release;
		};
		0A4815961D4C4BE200B35AA2 /* Debug */ = {
			isa = XCBuildConfiguration;
			buildSettings = {
				BUNDLE_LOADER = "$(TEST_HOST)";
				INFOPLIST_FILE = orangeLifeTests/Info.plist;
				LD_RUNPATH_SEARCH_PATHS = "$(inherited) @executable_path/Frameworks @loader_path/Frameworks";
				PRODUCT_BUNDLE_IDENTIFIER = com.cago.orangeLifeTests;
				PRODUCT_NAME = "$(TARGET_NAME)";
				TEST_HOST = "$(BUILT_PRODUCTS_DIR)/orangeLife.app/orangeLife";
			};
			name = Debug;
		};
		0A4815971D4C4BE200B35AA2 /* Release */ = {
			isa = XCBuildConfiguration;
			buildSettings = {
				BUNDLE_LOADER = "$(TEST_HOST)";
				INFOPLIST_FILE = orangeLifeTests/Info.plist;
				LD_RUNPATH_SEARCH_PATHS = "$(inherited) @executable_path/Frameworks @loader_path/Frameworks";
				PRODUCT_BUNDLE_IDENTIFIER = com.cago.orangeLifeTests;
				PRODUCT_NAME = "$(TARGET_NAME)";
				TEST_HOST = "$(BUILT_PRODUCTS_DIR)/orangeLife.app/orangeLife";
			};
			name = Release;
		};
		0A4815991D4C4BE200B35AA2 /* Debug */ = {
			isa = XCBuildConfiguration;
			buildSettings = {
				INFOPLIST_FILE = orangeLifeUITests/Info.plist;
				LD_RUNPATH_SEARCH_PATHS = "$(inherited) @executable_path/Frameworks @loader_path/Frameworks";
				PRODUCT_BUNDLE_IDENTIFIER = com.cago.orangeLifeUITests;
				PRODUCT_NAME = "$(TARGET_NAME)";
				TEST_TARGET_NAME = orangeLife;
			};
			name = Debug;
		};
		0A48159A1D4C4BE200B35AA2 /* Release */ = {
			isa = XCBuildConfiguration;
			buildSettings = {
				INFOPLIST_FILE = orangeLifeUITests/Info.plist;
				LD_RUNPATH_SEARCH_PATHS = "$(inherited) @executable_path/Frameworks @loader_path/Frameworks";
				PRODUCT_BUNDLE_IDENTIFIER = com.cago.orangeLifeUITests;
				PRODUCT_NAME = "$(TARGET_NAME)";
				TEST_TARGET_NAME = orangeLife;
			};
			name = Release;
		};
/* End XCBuildConfiguration section */

/* Begin XCConfigurationList section */
		0A4815601D4C4BE100B35AA2 /* Build configuration list for PBXProject "orangeLife" */ = {
			isa = XCConfigurationList;
			buildConfigurations = (
				0A4815901D4C4BE200B35AA2 /* Debug */,
				0A4815911D4C4BE200B35AA2 /* Release */,
			);
			defaultConfigurationIsVisible = 0;
			defaultConfigurationName = Release;
		};
		0A4815921D4C4BE200B35AA2 /* Build configuration list for PBXNativeTarget "orangeLife" */ = {
			isa = XCConfigurationList;
			buildConfigurations = (
				0A4815931D4C4BE200B35AA2 /* Debug */,
				0A4815941D4C4BE200B35AA2 /* Release */,
			);
			defaultConfigurationIsVisible = 0;
			defaultConfigurationName = Release;
		};
		0A4815951D4C4BE200B35AA2 /* Build configuration list for PBXNativeTarget "orangeLifeTests" */ = {
			isa = XCConfigurationList;
			buildConfigurations = (
				0A4815961D4C4BE200B35AA2 /* Debug */,
				0A4815971D4C4BE200B35AA2 /* Release */,
			);
			defaultConfigurationIsVisible = 0;
			defaultConfigurationName = Release;
		};
		0A4815981D4C4BE200B35AA2 /* Build configuration list for PBXNativeTarget "orangeLifeUITests" */ = {
			isa = XCConfigurationList;
			buildConfigurations = (
				0A4815991D4C4BE200B35AA2 /* Debug */,
				0A48159A1D4C4BE200B35AA2 /* Release */,
			);
			defaultConfigurationIsVisible = 0;
			defaultConfigurationName = Release;
		};
/* End XCConfigurationList section */
	};
	rootObject = 0A48155D1D4C4BE100B35AA2 /* Project object */;
}
